
Microsoft Visual Studio Solution File, Format Version 12.00
# Visual Studio Version 17
VisualStudioVersion = 17.6.33801.468
MinimumVisualStudioVersion = 10.0.40219.1
Project("{FAE04EC0-301F-11D3-BF4B-00C04F79EFBC}") = "ConsoleApp2", "ConsoleApp2\ConsoleApp2.csproj", "{C6F2DE84-1070-4FE9-9DFC-771BEEC342CF}"
EndProject
Global
	GlobalSection(SolutionConfigurationPlatforms) = preSolution
		Debug|Any CPU = Debug|Any CPU
		Release|Any CPU = Release|Any CPU
	EndGlobalSection
	GlobalSection(ProjectConfigurationPlatforms) = postSolution
		{C6F2DE84-1070-4FE9-9DFC-771BEEC342CF}.Debug|Any CPU.ActiveCfg = Debug|Any CPU
		{C6F2DE84-1070-4FE9-9DFC-771BEEC342CF}.Debug|Any CPU.Build.0 = Debug|Any CPU
		{C6F2DE84-1070-4FE9-9DFC-771BEEC342CF}.Release|Any CPU.ActiveCfg = Release|Any CPU
		{C6F2DE84-1070-4FE9-9DFC-771BEEC342CF}.Release|Any CPU.Build.0 = Release|Any CPU
	EndGlobalSection
	GlobalSection(SolutionProperties) = preSolution
		HideSolutionNode = FALSE
	EndGlobalSection
	GlobalSection(ExtensibilityGlobals) = postSolution
		SolutionGuid = {D54EAA3D-657C-4F3C-AFCA-D4C577C3A1FE}
	EndGlobalSection
EndGlobal
